{
  "nodes": {
    "flake-utils": {
      "locked": {
        "lastModified": 1649676176,
        "narHash": "sha256-OWKJratjt2RW151VUlJPRALb7OU2S5s+f0vLj4o1bHM=",
        "owner": "numtide",
        "repo": "flake-utils",
        "rev": "a4b154ebbdc88c8498a5c7b01589addc9e9cb678",
        "type": "github"
      },
      "original": {
        "owner": "numtide",
        "repo": "flake-utils",
        "type": "github"
      }
    },
    "nixpkgs": {
      "locked": {
        "lastModified": 1650568321,
        "narHash": "sha256-6wqWwHXwCEN43eEXXFKddOHQarRAB2jtAM5urM1lBts=",
        "owner": "NixOS",
        "repo": "nixpkgs",
        "rev": "f0d8b069143f12ca41174bc80a5bc03cca7be438",
        "type": "github"
      },
      "original": {
        "owner": "NixOS",
        "ref": "nixos-21.11",
        "repo": "nixpkgs",
        "type": "github"
      }
    },
    "root": {
      "inputs": {
        "flake-utils": "flake-utils",
        "nixpkgs": "nixpkgs",
        "tinycmmc": "tinycmmc"
      }
    },
    "tinycmmc": {
      "inputs": {
        "flake-utils": [
          "flake-utils"
        ],
        "nixpkgs": [
          "nixpkgs"
        ]
      },
      "locked": {
        "lastModified": 1647094963,
        "narHash": "sha256-8FzS0dq3yvzWxO5vjTC5B7xJIflAdVIunQXNpvrq0fM=",
        "owner": "grumbel",
        "repo": "cmake-modules",
        "rev": "84c8ed49605d46d58e6a5dd4e3427a5aa2f32a17",
        "type": "gitlab"
      },
      "original": {
        "owner": "grumbel",
        "repo": "cmake-modules",
        "type": "gitlab"
      }
    }
  },
  "root": "root",
  "version": 7
}
